
Microsoft Visual Studio Solution File, Format Version 12.00
# Visual Studio 15
VisualStudioVersion = 15.0.28307.421
MinimumVisualStudioVersion = 10.0.40219.1
Project("{9A19103F-16F7-4668-BE54-9A1E7A4F7556}") = "RaceRegAssistant", "RaceRegAssistant\RaceRegAssistant.csproj", "{03BDFE52-3BF3-485D-B510-87EEE228E145}"
EndProject
Project("{FAE04EC0-301F-11D3-BF4B-00C04F79EFBC}") = "LIFFileViewerDesktop", "LIFFileViewerDesktop\LIFFileViewerDesktop.csproj", "{06165F91-7BFF-452D-BC1B-013F2DBA9509}"
EndProject
Project("{FAE04EC0-301F-11D3-BF4B-00C04F79EFBC}") = "EagleEye_To_RunnerCard_LIF_Convertor", "EagleEye_To_RunnerCard_LIF_Convertor\EagleEye_To_RunnerCard_LIF_Convertor.csproj", "{B8A68075-8864-4553-8DBF-2F7820C720D1}"
EndProject
Global
	GlobalSection(SolutionConfigurationPlatforms) = preSolution
		Debug|Any CPU = Debug|Any CPU
		Release|Any CPU = Release|Any CPU
	EndGlobalSection
	GlobalSection(ProjectConfigurationPlatforms) = postSolution
		{03BDFE52-3BF3-485D-B510-87EEE228E145}.Debug|Any CPU.ActiveCfg = Debug|Any CPU
		{03BDFE52-3BF3-485D-B510-87EEE228E145}.Debug|Any CPU.Build.0 = Debug|Any CPU
		{03BDFE52-3BF3-485D-B510-87EEE228E145}.Release|Any CPU.ActiveCfg = Release|Any CPU
		{03BDFE52-3BF3-485D-B510-87EEE228E145}.Release|Any CPU.Build.0 = Release|Any CPU
		{06165F91-7BFF-452D-BC1B-013F2DBA9509}.Debug|Any CPU.ActiveCfg = Debug|Any CPU
		{06165F91-7BFF-452D-BC1B-013F2DBA9509}.Debug|Any CPU.Build.0 = Debug|Any CPU
		{06165F91-7BFF-452D-BC1B-013F2DBA9509}.Release|Any CPU.ActiveCfg = Release|Any CPU
		{06165F91-7BFF-452D-BC1B-013F2DBA9509}.Release|Any CPU.Build.0 = Release|Any CPU
		{B8A68075-8864-4553-8DBF-2F7820C720D1}.Debug|Any CPU.ActiveCfg = Debug|Any CPU
		{B8A68075-8864-4553-8DBF-2F7820C720D1}.Debug|Any CPU.Build.0 = Debug|Any CPU
		{B8A68075-8864-4553-8DBF-2F7820C720D1}.Release|Any CPU.ActiveCfg = Release|Any CPU
		{B8A68075-8864-4553-8DBF-2F7820C720D1}.Release|Any CPU.Build.0 = Release|Any CPU
	EndGlobalSection
	GlobalSection(SolutionProperties) = preSolution
		HideSolutionNode = FALSE
	EndGlobalSection
	GlobalSection(ExtensibilityGlobals) = postSolution
		SolutionGuid = {129150BA-9B3F-4E29-9744-5C92941DAE44}
	EndGlobalSection
EndGlobal
